
Microsoft Visual Studio Solution File, Format Version 12.00
# Visual Studio Version 16
VisualStudioVersion = 16.0.31624.102
MinimumVisualStudioVersion = 10.0.40219.1
Project("{FAE04EC0-301F-11D3-BF4B-00C04F79EFBC}") = "DisplayingWithAjax", "DisplayingWithAjax\DisplayingWithAjax.csproj", "{AE6C203A-2E9D-45C5-8FCE-0F35D6A77C8A}"
EndProject
Global
	GlobalSection(SolutionConfigurationPlatforms) = preSolution
		Debug|Any CPU = Debug|Any CPU
		Release|Any CPU = Release|Any CPU
	EndGlobalSection
	GlobalSection(ProjectConfigurationPlatforms) = postSolution
		{AE6C203A-2E9D-45C5-8FCE-0F35D6A77C8A}.Debug|Any CPU.ActiveCfg = Debug|Any CPU
		{AE6C203A-2E9D-45C5-8FCE-0F35D6A77C8A}.Debug|Any CPU.Build.0 = Debug|Any CPU
		{AE6C203A-2E9D-45C5-8FCE-0F35D6A77C8A}.Release|Any CPU.ActiveCfg = Release|Any CPU
		{AE6C203A-2E9D-45C5-8FCE-0F35D6A77C8A}.Release|Any CPU.Build.0 = Release|Any CPU
	EndGlobalSection
	GlobalSection(SolutionProperties) = preSolution
		HideSolutionNode = FALSE
	EndGlobalSection
	GlobalSection(ExtensibilityGlobals) = postSolution
		SolutionGuid = {C6DE74B7-B0D1-4C9B-8118-655F552D480A}
	EndGlobalSection
EndGlobal
